// !$*UTF8*$!
{
	archiveVersion = 1;
	classes = {
	};
	objectVersion = 51;
	objects = {

/* Begin PBXBuildFile section */
		A2829A73D380DEECB4D53DC0 /* Pods_2Doo.framework in Frameworks */ = {isa = PBXBuildFile; fileRef = 511D520CEF8041F205A7F64F /* Pods_2Doo.framework */; };
		EA01B3E122ED53A700D8B41E /* SwipeTableViewController.swift in Sources */ = {isa = PBXBuildFile; fileRef = EA01B3E022ED53A700D8B41E /* SwipeTableViewController.swift */; };
		EA1390E622E647FA00080392 /* AppDelegate.swift in Sources */ = {isa = PBXBuildFile; fileRef = EA1390E522E647FA00080392 /* AppDelegate.swift */; };
		EA1390E822E647FA00080392 /* _2DooViewController.swift in Sources */ = {isa = PBXBuildFile; fileRef = EA1390E722E647FA00080392 /* _2DooViewController.swift */; };
		EA1390EB22E647FA00080392 /* Main.storyboard in Resources */ = {isa = PBXBuildFile; fileRef = EA1390E922E647FA00080392 /* Main.storyboard */; };
		EA1390ED22E647FB00080392 /* Assets.xcassets in Resources */ = {isa = PBXBuildFile; fileRef = EA1390EC22E647FB00080392 /* Assets.xcassets */; };
		EA1390F022E647FB00080392 /* LaunchScreen.storyboard in Resources */ = {isa = PBXBuildFile; fileRef = EA1390EE22E647FB00080392 /* LaunchScreen.storyboard */; };
		EA1F8A9122EC1527001B6A13 /* CategoryTableViewController.swift in Sources */ = {isa = PBXBuildFile; fileRef = EA1F8A9022EC1527001B6A13 /* CategoryTableViewController.swift */; };
		EA4FD65C22ED113800E76EAC /* Item.swift in Sources */ = {isa = PBXBuildFile; fileRef = EA4FD65B22ED113800E76EAC /* Item.swift */; };
		EA4FD65E22ED118A00E76EAC /* Category.swift in Sources */ = {isa = PBXBuildFile; fileRef = EA4FD65D22ED118A00E76EAC /* Category.swift */; };
		EA8749BB22E90D4900955511 /* DataModel.xcdatamodeld in Sources */ = {isa = PBXBuildFile; fileRef = EA8749B922E90D4900955511 /* DataModel.xcdatamodeld */; };
/* End PBXBuildFile section */

/* Begin PBXFileReference section */
		09CC8EA489E4D7A5B0721B61 /* Pods-2Doo.release.xcconfig */ = {isa = PBXFileReference; includeInIndex = 1; lastKnownFileType = text.xcconfig; name = "Pods-2Doo.release.xcconfig"; path = "Target Support Files/Pods-2Doo/Pods-2Doo.release.xcconfig"; sourceTree = "<group>"; };
		302A7B6EDFC48F4A38B54611 /* Pods-2Doo.debug.xcconfig */ = {isa = PBXFileReference; includeInIndex = 1; lastKnownFileType = text.xcconfig; name = "Pods-2Doo.debug.xcconfig"; path = "Target Support Files/Pods-2Doo/Pods-2Doo.debug.xcconfig"; sourceTree = "<group>"; };
		511D520CEF8041F205A7F64F /* Pods_2Doo.framework */ = {isa = PBXFileReference; explicitFileType = wrapper.framework; includeInIndex = 0; path = Pods_2Doo.framework; sourceTree = BUILT_PRODUCTS_DIR; };
		EA01B3E022ED53A700D8B41E /* SwipeTableViewController.swift */ = {isa = PBXFileReference; lastKnownFileType = sourcecode.swift; path = SwipeTableViewController.swift; sourceTree = "<group>"; };
		EA1390E222E647FA00080392 /* 2Doo.app */ = {isa = PBXFileReference; explicitFileType = wrapper.application; includeInIndex = 0; path = 2Doo.app; sourceTree = BUILT_PRODUCTS_DIR; };
		EA1390E522E647FA00080392 /* AppDelegate.swift */ = {isa = PBXFileReference; lastKnownFileType = sourcecode.swift; path = AppDelegate.swift; sourceTree = "<group>"; };
		EA1390E722E647FA00080392 /* _2DooViewController.swift */ = {isa = PBXFileReference; lastKnownFileType = sourcecode.swift; name = _2DooViewController.swift; path = ../_2DooViewController.swift; sourceTree = "<group>"; };
		EA1390EA22E647FA00080392 /* Base */ = {isa = PBXFileReference; lastKnownFileType = file.storyboard; name = Base; path = Base.lproj/Main.storyboard; sourceTree = "<group>"; };
		EA1390EC22E647FB00080392 /* Assets.xcassets */ = {isa = PBXFileReference; lastKnownFileType = folder.assetcatalog; path = Assets.xcassets; sourceTree = "<group>"; };
		EA1390EF22E647FB00080392 /* Base */ = {isa = PBXFileReference; lastKnownFileType = file.storyboard; name = Base; path = Base.lproj/LaunchScreen.storyboard; sourceTree = "<group>"; };
		EA1390F122E647FB00080392 /* Info.plist */ = {isa = PBXFileReference; lastKnownFileType = text.plist.xml; path = Info.plist; sourceTree = "<group>"; };
		EA1F8A9022EC1527001B6A13 /* CategoryTableViewController.swift */ = {isa = PBXFileReference; lastKnownFileType = sourcecode.swift; path = CategoryTableViewController.swift; sourceTree = "<group>"; };
		EA4FD65B22ED113800E76EAC /* Item.swift */ = {isa = PBXFileReference; lastKnownFileType = sourcecode.swift; path = Item.swift; sourceTree = "<group>"; };
		EA4FD65D22ED118A00E76EAC /* Category.swift */ = {isa = PBXFileReference; lastKnownFileType = sourcecode.swift; path = Category.swift; sourceTree = "<group>"; };
		EA8749BA22E90D4900955511 /* DataModel.xcdatamodel */ = {isa = PBXFileReference; lastKnownFileType = wrapper.xcdatamodel; path = DataModel.xcdatamodel; sourceTree = "<group>"; };
/* End PBXFileReference section */

/* Begin PBXFrameworksBuildPhase section */
		EA1390DF22E647FA00080392 /* Frameworks */ = {
			isa = PBXFrameworksBuildPhase;
			buildActionMask = 2147483647;
			files = (
				A2829A73D380DEECB4D53DC0 /* Pods_2Doo.framework in Frameworks */,
			);
			runOnlyForDeploymentPostprocessing = 0;
		};
/* End PBXFrameworksBuildPhase section */

/* Begin PBXGroup section */
		6C3AFA36856A1C948596ABC0 /* Frameworks */ = {
			isa = PBXGroup;
			children = (
				511D520CEF8041F205A7F64F /* Pods_2Doo.framework */,
			);
			name = Frameworks;
			sourceTree = "<group>";
		};
		D5593C443EA3EDE8AFE357AA /* Pods */ = {
			isa = PBXGroup;
			children = (
				302A7B6EDFC48F4A38B54611 /* Pods-2Doo.debug.xcconfig */,
				09CC8EA489E4D7A5B0721B61 /* Pods-2Doo.release.xcconfig */,
			);
			path = Pods;
			sourceTree = "<group>";
		};
		EA1390D922E647FA00080392 = {
			isa = PBXGroup;
			children = (
				EA1390E422E647FA00080392 /* 2Doo */,
				EA1390E322E647FA00080392 /* Products */,
				D5593C443EA3EDE8AFE357AA /* Pods */,
				6C3AFA36856A1C948596ABC0 /* Frameworks */,
			);
			sourceTree = "<group>";
		};
		EA1390E322E647FA00080392 /* Products */ = {
			isa = PBXGroup;
			children = (
				EA1390E222E647FA00080392 /* 2Doo.app */,
			);
			name = Products;
			sourceTree = "<group>";
		};
		EA1390E422E647FA00080392 /* 2Doo */ = {
			isa = PBXGroup;
			children = (
				EA1390E522E647FA00080392 /* AppDelegate.swift */,
				EA40A60E22E8070500D0C0EA /* Data Model */,
				EA40A61022E8076900D0C0EA /* Controller */,
				EA40A60F22E8075B00D0C0EA /* View */,
				EA40A61122E8077300D0C0EA /* Supporting Files */,
				EA1390F122E647FB00080392 /* Info.plist */,
			);
			path = 2Doo;
			sourceTree = "<group>";
		};
		EA40A60E22E8070500D0C0EA /* Data Model */ = {
			isa = PBXGroup;
			children = (
				EA8749B922E90D4900955511 /* DataModel.xcdatamodeld */,
				EA4FD65D22ED118A00E76EAC /* Category.swift */,
				EA4FD65B22ED113800E76EAC /* Item.swift */,
			);
			path = "Data Model";
			sourceTree = "<group>";
		};
		EA40A60F22E8075B00D0C0EA /* View */ = {
			isa = PBXGroup;
			children = (
				EA1390E922E647FA00080392 /* Main.storyboard */,
			);
			path = View;
			sourceTree = "<group>";
		};
		EA40A61022E8076900D0C0EA /* Controller */ = {
			isa = PBXGroup;
			children = (
				EA01B3E022ED53A700D8B41E /* SwipeTableViewController.swift */,
				EA1F8A9022EC1527001B6A13 /* CategoryTableViewController.swift */,
				EA1390E722E647FA00080392 /* _2DooViewController.swift */,
			);
			path = Controller;
			sourceTree = "<group>";
		};
		EA40A61122E8077300D0C0EA /* Supporting Files */ = {
			isa = PBXGroup;
			children = (
				EA1390EE22E647FB00080392 /* LaunchScreen.storyboard */,
				EA1390EC22E647FB00080392 /* Assets.xcassets */,
			);
			path = "Supporting Files";
			sourceTree = "<group>";
		};
/* End PBXGroup section */

/* Begin PBXNativeTarget section */
		EA1390E122E647FA00080392 /* 2Doo */ = {
			isa = PBXNativeTarget;
			buildConfigurationList = EA1390F422E647FB00080392 /* Build configuration list for PBXNativeTarget "2Doo" */;
			buildPhases = (
				C05E18D123A52643BA715716 /* [CP] Check Pods Manifest.lock */,
				EA1390DE22E647FA00080392 /* Sources */,
				EA1390DF22E647FA00080392 /* Frameworks */,
				EA1390E022E647FA00080392 /* Resources */,
				A61B8E2DA4EDA227112D1EC5 /* [CP] Embed Pods Frameworks */,
			);
			buildRules = (
			);
			dependencies = (
			);
			name = 2Doo;
			productName = 2Doo;
			productReference = EA1390E222E647FA00080392 /* 2Doo.app */;
			productType = "com.apple.product-type.application";
		};
/* End PBXNativeTarget section */

/* Begin PBXProject section */
		EA1390DA22E647FA00080392 /* Project object */ = {
			isa = PBXProject;
			attributes = {
				LastSwiftUpdateCheck = 1020;
				LastUpgradeCheck = 1020;
				ORGANIZATIONNAME = "Elina Lua Ming";
				TargetAttributes = {
					EA1390E122E647FA00080392 = {
						CreatedOnToolsVersion = 10.2.1;
					};
				};
			};
			buildConfigurationList = EA1390DD22E647FA00080392 /* Build configuration list for PBXProject "2Doo" */;
			compatibilityVersion = "Xcode 9.3";
			developmentRegion = en;
			hasScannedForEncodings = 0;
			knownRegions = (
				en,
				Base,
			);
			mainGroup = EA1390D922E647FA00080392;
			productRefGroup = EA1390E322E647FA00080392 /* Products */;
			projectDirPath = "";
			projectRoot = "";
			targets = (
				EA1390E122E647FA00080392 /* 2Doo */,
			);
		};
/* End PBXProject section */

/* Begin PBXResourcesBuildPhase section */
		EA1390E022E647FA00080392 /* Resources */ = {
			isa = PBXResourcesBuildPhase;
			buildActionMask = 2147483647;
			files = (
				EA1390F022E647FB00080392 /* LaunchScreen.storyboard in Resources */,
				EA1390ED22E647FB00080392 /* Assets.xcassets in Resources */,
				EA1390EB22E647FA00080392 /* Main.storyboard in Resources */,
			);
			runOnlyForDeploymentPostprocessing = 0;
		};
/* End PBXResourcesBuildPhase section */

/* Begin PBXShellScriptBuildPhase section */
		A61B8E2DA4EDA227112D1EC5 /* [CP] Embed Pods Frameworks */ = {
			isa = PBXShellScriptBuildPhase;
			buildActionMask = 2147483647;
			files = (
			);
			inputFileListPaths = (
				"${PODS_ROOT}/Target Support Files/Pods-2Doo/Pods-2Doo-frameworks-${CONFIGURATION}-input-files.xcfilelist",
			);
			name = "[CP] Embed Pods Frameworks";
			outputFileListPaths = (
				"${PODS_ROOT}/Target Support Files/Pods-2Doo/Pods-2Doo-frameworks-${CONFIGURATION}-output-files.xcfilelist",
			);
			runOnlyForDeploymentPostprocessing = 0;
			shellPath = /bin/sh;
			shellScript = "\"${PODS_ROOT}/Target Support Files/Pods-2Doo/Pods-2Doo-frameworks.sh\"\n";
			showEnvVarsInLog = 0;
		};
		C05E18D123A52643BA715716 /* [CP] Check Pods Manifest.lock */ = {
			isa = PBXShellScriptBuildPhase;
			buildActionMask = 2147483647;
			files = (
			);
			inputFileListPaths = (
			);
			inputPaths = (
				"${PODS_PODFILE_DIR_PATH}/Podfile.lock",
				"${PODS_ROOT}/Manifest.lock",
			);
			name = "[CP] Check Pods Manifest.lock";
			outputFileListPaths = (
			);
			outputPaths = (
				"$(DERIVED_FILE_DIR)/Pods-2Doo-checkManifestLockResult.txt",
			);
			runOnlyForDeploymentPostprocessing = 0;
			shellPath = /bin/sh;
			shellScript = "diff \"${PODS_PODFILE_DIR_PATH}/Podfile.lock\" \"${PODS_ROOT}/Manifest.lock\" > /dev/null\nif [ $? != 0 ] ; then\n    # print error to STDERR\n    echo \"error: The sandbox is not in sync with the Podfile.lock. Run 'pod install' or update your CocoaPods installation.\" >&2\n    exit 1\nfi\n# This output is used by Xcode 'outputs' to avoid re-running this script phase.\necho \"SUCCESS\" > \"${SCRIPT_OUTPUT_FILE_0}\"\n";
			showEnvVarsInLog = 0;
		};
/* End PBXShellScriptBuildPhase section */

/* Begin PBXSourcesBuildPhase section */
		EA1390DE22E647FA00080392 /* Sources */ = {
			isa = PBXSourcesBuildPhase;
			buildActionMask = 2147483647;
			files = (
				EA4FD65C22ED113800E76EAC /* Item.swift in Sources */,
				EA1390E822E647FA00080392 /* _2DooViewController.swift in Sources */,
				EA8749BB22E90D4900955511 /* DataModel.xcdatamodeld in Sources */,
				EA01B3E122ED53A700D8B41E /* SwipeTableViewController.swift in Sources */,
				EA1390E622E647FA00080392 /* AppDelegate.swift in Sources */,
				EA1F8A9122EC1527001B6A13 /* CategoryTableViewController.swift in Sources */,
				EA4FD65E22ED118A00E76EAC /* Category.swift in Sources */,
			);
			runOnlyForDeploymentPostprocessing = 0;
		};
/* End PBXSourcesBuildPhase section */

/* Begin PBXVariantGroup section */
		EA1390E922E647FA00080392 /* Main.storyboard */ = {
			isa = PBXVariantGroup;
			children = (
				EA1390EA22E647FA00080392 /* Base */,
			);
			name = Main.storyboard;
			sourceTree = "<group>";
		};
		EA1390EE22E647FB00080392 /* LaunchScreen.storyboard */ = {
			isa = PBXVariantGroup;
			children = (
				EA1390EF22E647FB00080392 /* Base */,
			);
			name = LaunchScreen.storyboard;
			sourceTree = "<group>";
		};
/* End PBXVariantGroup section */

/* Begin XCBuildConfiguration section */
		EA1390F222E647FB00080392 /* Debug */ = {
			isa = XCBuildConfiguration;
			buildSettings = {
				ALWAYS_SEARCH_USER_PATHS = NO;
				CLANG_ANALYZER_NONNULL = YES;
				CLANG_ANALYZER_NUMBER_OBJECT_CONVERSION = YES_AGGRESSIVE;
				CLANG_CXX_LANGUAGE_STANDARD = "gnu++14";
				CLANG_CXX_LIBRARY = "libc++";
				CLANG_ENABLE_MODULES = YES;
				CLANG_ENABLE_OBJC_ARC = YES;
				CLANG_ENABLE_OBJC_WEAK = YES;
				CLANG_WARN_BLOCK_CAPTURE_AUTORELEASING = YES;
				CLANG_WARN_BOOL_CONVERSION = YES;
				CLANG_WARN_COMMA = YES;
				CLANG_WARN_CONSTANT_CONVERSION = YES;
				CLANG_WARN_DEPRECATED_OBJC_IMPLEMENTATIONS = YES;
				CLANG_WARN_DIRECT_OBJC_ISA_USAGE = YES_ERROR;
				CLANG_WARN_DOCUMENTATION_COMMENTS = YES;
				CLANG_WARN_EMPTY_BODY = YES;
				CLANG_WARN_ENUM_CONVERSION = YES;
				CLANG_WARN_INFINITE_RECURSION = YES;
				CLANG_WARN_INT_CONVERSION = YES;
				CLANG_WARN_NON_LITERAL_NULL_CONVERSION = YES;
				CLANG_WARN_OBJC_IMPLICIT_RETAIN_SELF = YES;
				CLANG_WARN_OBJC_LITERAL_CONVERSION = YES;
				CLANG_WARN_OBJC_ROOT_CLASS = YES_ERROR;
				CLANG_WARN_RANGE_LOOP_ANALYSIS = YES;
				CLANG_WARN_STRICT_PROTOTYPES = YES;
				CLANG_WARN_SUSPICIOUS_MOVE = YES;
				CLANG_WARN_UNGUARDED_AVAILABILITY = YES_AGGRESSIVE;
				CLANG_WARN_UNREACHABLE_CODE = YES;
				CLANG_WARN__DUPLICATE_METHOD_MATCH = YES;
				CODE_SIGN_IDENTITY = "iPhone Developer";
				COPY_PHASE_STRIP = NO;
				DEBUG_INFORMATION_FORMAT = dwarf;
				ENABLE_STRICT_OBJC_MSGSEND = YES;
				ENABLE_TESTABILITY = YES;
				GCC_C_LANGUAGE_STANDARD = gnu11;
				GCC_DYNAMIC_NO_PIC = NO;
				GCC_NO_COMMON_BLOCKS = YES;
				GCC_OPTIMIZATION_LEVEL = 0;
				GCC_PREPROCESSOR_DEFINITIONS = (
					"DEBUG=1",
					"$(inherited)",
				);
				GCC_WARN_64_TO_32_BIT_CONVERSION = YES;
				GCC_WARN_ABOUT_RETURN_TYPE = YES_ERROR;
				GCC_WARN_UNDECLARED_SELECTOR = YES;
				GCC_WARN_UNINITIALIZED_AUTOS = YES_AGGRESSIVE;
				GCC_WARN_UNUSED_FUNCTION = YES;
				GCC_WARN_UNUSED_VARIABLE = YES;
				IPHONEOS_DEPLOYMENT_TARGET = 12.2;
				MTL_ENABLE_DEBUG_INFO = INCLUDE_SOURCE;
				MTL_FAST_MATH = YES;
				ONLY_ACTIVE_ARCH = YES;
				SDKROOT = iphoneos;
				SWIFT_ACTIVE_COMPILATION_CONDITIONS = DEBUG;
				SWIFT_OPTIMIZATION_LEVEL = "-Onone";
			};
			name = Debug;
		};
		EA1390F322E647FB00080392 /* Release */ = {
			isa = XCBuildConfiguration;
			buildSettings = {
				ALWAYS_SEARCH_USER_PATHS = NO;
				CLANG_ANALYZER_NONNULL = YES;
				CLANG_ANALYZER_NUMBER_OBJECT_CONVERSION = YES_AGGRESSIVE;
				CLANG_CXX_LANGUAGE_STANDARD = "gnu++14";
				CLANG_CXX_LIBRARY = "libc++";
				CLANG_ENABLE_MODULES = YES;
				CLANG_ENABLE_OBJC_ARC = YES;
				CLANG_ENABLE_OBJC_WEAK = YES;
				CLANG_WARN_BLOCK_CAPTURE_AUTORELEASING = YES;
				CLANG_WARN_BOOL_CONVERSION = YES;
				CLANG_WARN_COMMA = YES;
				CLANG_WARN_CONSTANT_CONVERSION = YES;
				CLANG_WARN_DEPRECATED_OBJC_IMPLEMENTATIONS = YES;
				CLANG_WARN_DIRECT_OBJC_ISA_USAGE = YES_ERROR;
				CLANG_WARN_DOCUMENTATION_COMMENTS = YES;
				CLANG_WARN_EMPTY_BODY = YES;
				CLANG_WARN_ENUM_CONVERSION = YES;
				CLANG_WARN_INFINITE_RECURSION = YES;
				CLANG_WARN_INT_CONVERSION = YES;
				CLANG_WARN_NON_LITERAL_NULL_CONVERSION = YES;
				CLANG_WARN_OBJC_IMPLICIT_RETAIN_SELF = YES;
				CLANG_WARN_OBJC_LITERAL_CONVERSION = YES;
				CLANG_WARN_OBJC_ROOT_CLASS = YES_ERROR;
				CLANG_WARN_RANGE_LOOP_ANALYSIS = YES;
				CLANG_WARN_STRICT_PROTOTYPES = YES;
				CLANG_WARN_SUSPICIOUS_MOVE = YES;
				CLANG_WARN_UNGUARDED_AVAILABILITY = YES_AGGRESSIVE;
				CLANG_WARN_UNREACHABLE_CODE = YES;
				CLANG_WARN__DUPLICATE_METHOD_MATCH = YES;
				CODE_SIGN_IDENTITY = "iPhone Developer";
				COPY_PHASE_STRIP = NO;
				DEBUG_INFORMATION_FORMAT = "dwarf-with-dsym";
				ENABLE_NS_ASSERTIONS = NO;
				ENABLE_STRICT_OBJC_MSGSEND = YES;
				GCC_C_LANGUAGE_STANDARD = gnu11;
				GCC_NO_COMMON_BLOCKS = YES;
				GCC_WARN_64_TO_32_BIT_CONVERSION = YES;
				GCC_WARN_ABOUT_RETURN_TYPE = YES_ERROR;
				GCC_WARN_UNDECLARED_SELECTOR = YES;
				GCC_WARN_UNINITIALIZED_AUTOS = YES_AGGRESSIVE;
				GCC_WARN_UNUSED_FUNCTION = YES;
				GCC_WARN_UNUSED_VARIABLE = YES;
				IPHONEOS_DEPLOYMENT_TARGET = 12.2;
				MTL_ENABLE_DEBUG_INFO = NO;
				MTL_FAST_MATH = YES;
				SDKROOT = iphoneos;
				SWIFT_COMPILATION_MODE = wholemodule;
				SWIFT_OPTIMIZATION_LEVEL = "-O";
				VALIDATE_PRODUCT = YES;
			};
			name = Release;
		};
		EA1390F522E647FB00080392 /* Debug */ = {
			isa = XCBuildConfiguration;
			baseConfigurationReference = 302A7B6EDFC48F4A38B54611 /* Pods-2Doo.debug.xcconfig */;
			buildSettings = {
				ASSETCATALOG_COMPILER_APPICON_NAME = AppIcon;
				CODE_SIGN_STYLE = Automatic;
				DEVELOPMENT_TEAM = 2VNRS9R64U;
				INFOPLIST_FILE = 2Doo/Info.plist;
				LD_RUNPATH_SEARCH_PATHS = (
					"$(inherited)",
					"@executable_path/Frameworks",
				);
				PRODUCT_BUNDLE_IDENTIFIER = "com.elinaluaming.-Doo";
				PRODUCT_NAME = "$(TARGET_NAME)";
				SWIFT_VERSION = 5.0;
				TARGETED_DEVICE_FAMILY = "1,2";
			};
			name = Debug;
		};
		EA1390F622E647FB00080392 /* Release */ = {
			isa = XCBuildConfiguration;
			baseConfigurationReference = 09CC8EA489E4D7A5B0721B61 /* Pods-2Doo.release.xcconfig */;
			buildSettings = {
				ASSETCATALOG_COMPILER_APPICON_NAME = AppIcon;
				CODE_SIGN_STYLE = Automatic;
				DEVELOPMENT_TEAM = 2VNRS9R64U;
				INFOPLIST_FILE = 2Doo/Info.plist;
				LD_RUNPATH_SEARCH_PATHS = (
					"$(inherited)",
					"@executable_path/Frameworks",
				);
				PRODUCT_BUNDLE_IDENTIFIER = "com.elinaluaming.-Doo";
				PRODUCT_NAME = "$(TARGET_NAME)";
				SWIFT_VERSION = 5.0;
				TARGETED_DEVICE_FAMILY = "1,2";
			};
			name = Release;
		};
/* End XCBuildConfiguration section */

/* Begin XCConfigurationList section */
		EA1390DD22E647FA00080392 /* Build configuration list for PBXProject "2Doo" */ = {
			isa = XCConfigurationList;
			buildConfigurations = (
				EA1390F222E647FB00080392 /* Debug */,
				EA1390F322E647FB00080392 /* Release */,
			);
			defaultConfigurationIsVisible = 0;
			defaultConfigurationName = Release;
		};
		EA1390F422E647FB00080392 /* Build configuration list for PBXNativeTarget "2Doo" */ = {
			isa = XCConfigurationList;
			buildConfigurations = (
				EA1390F522E647FB00080392 /* Debug */,
				EA1390F622E647FB00080392 /* Release */,
			);
			defaultConfigurationIsVisible = 0;
			defaultConfigurationName = Release;
		};
/* End XCConfigurationList section */

/* Begin XCVersionGroup section */
		EA8749B922E90D4900955511 /* DataModel.xcdatamodeld */ = {
			isa = XCVersionGroup;
			children = (
				EA8749BA22E90D4900955511 /* DataModel.xcdatamodel */,
			);
			currentVersion = EA8749BA22E90D4900955511 /* DataModel.xcdatamodel */;
			path = DataModel.xcdatamodeld;
			sourceTree = "<group>";
			versionGroupType = wrapper.xcdatamodel;
		};
/* End XCVersionGroup section */
	};
	rootObject = EA1390DA22E647FA00080392 /* Project object */;
}
